
Microsoft Visual Studio Solution File, Format Version 12.00
# Visual Studio Version 16
VisualStudioVersion = 16.0.29721.120
MinimumVisualStudioVersion = 10.0.40219.1
Project("{FAE04EC0-301F-11D3-BF4B-00C04F79EFBC}") = "Project Migration Utility", "Project Migration Utility\Project Migration Utility.csproj", "{69ED6334-1C35-40EE-8E93-673928B354F5}"
EndProject
Global
	GlobalSection(SolutionConfigurationPlatforms) = preSolution
		Debug|Any CPU = Debug|Any CPU
		Release|Any CPU = Release|Any CPU
	EndGlobalSection
	GlobalSection(ProjectConfigurationPlatforms) = postSolution
		{69ED6334-1C35-40EE-8E93-673928B354F5}.Debug|Any CPU.ActiveCfg = Debug|Any CPU
		{69ED6334-1C35-40EE-8E93-673928B354F5}.Debug|Any CPU.Build.0 = Debug|Any CPU
		{69ED6334-1C35-40EE-8E93-673928B354F5}.Release|Any CPU.ActiveCfg = Release|Any CPU
		{69ED6334-1C35-40EE-8E93-673928B354F5}.Release|Any CPU.Build.0 = Release|Any CPU
	EndGlobalSection
	GlobalSection(SolutionProperties) = preSolution
		HideSolutionNode = FALSE
	EndGlobalSection
	GlobalSection(ExtensibilityGlobals) = postSolution
		SolutionGuid = {00BF53E5-4C88-4379-BB33-785A044C2151}
	EndGlobalSection
EndGlobal
