
Microsoft Visual Studio Solution File, Format Version 12.00
# Visual Studio Version 16
VisualStudioVersion = 16.0.29814.53
MinimumVisualStudioVersion = 10.0.40219.1
Project("{2150E333-8FDC-42A3-9474-1A3956D46DE8}") = "Documentation", "Documentation", "{DF971095-106C-4933-B3E6-A314231DAB14}"
EndProject
Project("{7CF6DF6D-3B04-46F8-A40B-537D21BCA0B4}") = "Krypton Toolkit Documentation", "Krypton Toolkit Documentation\Krypton Toolkit Documentation.shfbproj", "{1D0A0A23-591C-42B2-8228-30A2E7AE9EE3}"
EndProject
Project("{2150E333-8FDC-42A3-9474-1A3956D46DE8}") = "Templates", "Templates", "{491139E2-0E9C-42F1-8851-D4D2C7146EA2}"
EndProject
Project("{2150E333-8FDC-42A3-9474-1A3956D46DE8}") = "Visual Studio", "Visual Studio", "{FB926C15-019A-4E1E-A06C-D95FBA292BD0}"
EndProject
Project("{2150E333-8FDC-42A3-9474-1A3956D46DE8}") = "CS", "CS", "{4292C47A-E6C6-4006-919D-9084C04BB0EF}"
EndProject
Project("{9A19103F-16F7-4668-BE54-9A1E7A4F7556}") = "KryptonFormCS", "Templates\Visual Studio\CS\KryptonFormCS\KryptonFormCS.csproj", "{0B458269-DE92-458F-9E0C-BA8477AA794A}"
EndProject
Project("{9A19103F-16F7-4668-BE54-9A1E7A4F7556}") = "KryptonRibbonFormCS", "Templates\Visual Studio\CS\KryptonRibbonFormCS\KryptonRibbonFormCS.csproj", "{E9F3A4A2-6D21-404D-A6D5-385CF4D9D372}"
EndProject
Project("{9A19103F-16F7-4668-BE54-9A1E7A4F7556}") = "KryptonToolStripFormCS", "Templates\Visual Studio\CS\KryptonToolStripFormCS\KryptonToolStripFormCS.csproj", "{32FC8B4F-F6B6-4DD4-8635-BCA845630CEE}"
EndProject
Project("{2150E333-8FDC-42A3-9474-1A3956D46DE8}") = "VB", "VB", "{909018F6-6E1E-4131-A45E-1D4E6AB99455}"
EndProject
Project("{F184B08F-C81C-45F6-A57F-5ABD9991F28F}") = "KryptonFormVB", "Templates\Visual Studio\VB\KryptonFormVB\KryptonFormVB.vbproj", "{A26D4484-84BD-4471-A918-0C904B28AD52}"
EndProject
Project("{F184B08F-C81C-45F6-A57F-5ABD9991F28F}") = "KryptonRibbonFormVB", "Templates\Visual Studio\VB\KryptonRibbonFormVB\KryptonRibbonFormVB.vbproj", "{E2A50ACF-6079-4C6E-B98E-427FFCC95DC8}"
EndProject
Project("{F184B08F-C81C-45F6-A57F-5ABD9991F28F}") = "KryptonToolStripFormVB", "Templates\Visual Studio\VB\KryptonToolStripFormVB\KryptonToolStripFormVB.vbproj", "{0EE4318F-A1C2-4A82-9195-6A0FE3142F8C}"
EndProject
Project("{2150E333-8FDC-42A3-9474-1A3956D46DE8}") = "VSIX", "VSIX", "{F61A3611-F6BA-4D22-8062-BA4F2BBD5DA7}"
EndProject
Project("{2150E333-8FDC-42A3-9474-1A3956D46DE8}") = "Combined", "Combined", "{10C1FD11-8DD6-46CC-9A11-2D1485E9EECB}"
EndProject
Project("{2150E333-8FDC-42A3-9474-1A3956D46DE8}") = "Projects", "Projects", "{CF6EA37C-52F8-4E2E-BE05-601A17394701}"
EndProject
Project("{2150E333-8FDC-42A3-9474-1A3956D46DE8}") = "Items", "Items", "{9E94BC4A-3ABA-45D1-B24A-243EE16D5734}"
EndProject
Project("{2150E333-8FDC-42A3-9474-1A3956D46DE8}") = "CS", "CS", "{AE8ADD01-A700-46B9-900F-BB69860312C3}"
EndProject
Project("{2150E333-8FDC-42A3-9474-1A3956D46DE8}") = "VB", "VB", "{5738B083-C040-466B-B590-F99D3A1F02DF}"
EndProject
Project("{2150E333-8FDC-42A3-9474-1A3956D46DE8}") = "Both", "Both", "{4BBADDB0-4FEE-4206-B5CF-071D6453651B}"
EndProject
Project("{2150E333-8FDC-42A3-9474-1A3956D46DE8}") = "CS", "CS", "{78180F3A-15DA-4E57-B7CE-3FD94E8053EF}"
EndProject
Project("{2150E333-8FDC-42A3-9474-1A3956D46DE8}") = "VB", "VB", "{0657A167-7070-45FD-A1F1-E5E46DA81747}"
EndProject
Project("{2150E333-8FDC-42A3-9474-1A3956D46DE8}") = "CS", "CS", "{C84D7BB1-3F69-43E1-A015-63C45F91C6B7}"
EndProject
Project("{2150E333-8FDC-42A3-9474-1A3956D46DE8}") = "VB", "VB", "{4897C3AA-9836-4AD0-95E1-053C21C5D85C}"
EndProject
Project("{FAE04EC0-301F-11D3-BF4B-00C04F79EFBC}") = "Krypton Toolkit CSharp Templates Installer", "Templates\VSIX\Combined\CS\Krypton Toolkit Templates Installer\Krypton Toolkit CSharp Templates Installer.csproj", "{59136F5D-5BB7-4132-8033-7F5E7F2EC87C}"
EndProject
Project("{FAE04EC0-301F-11D3-BF4B-00C04F79EFBC}") = "Krypton Toolkit Installer", "Templates\VSIX\Combined\VB\Krypton Toolkit Installer\Krypton Toolkit Installer.csproj", "{5B10E18D-DDF2-4E9E-B1D6-922C9711378B}"
EndProject
Project("{FAE04EC0-301F-11D3-BF4B-00C04F79EFBC}") = "Krypton Toolkit Templates Installer", "Templates\VSIX\Combined\Both\Krypton Toolkit Templates Installer\Krypton Toolkit Templates Installer.csproj", "{D731C810-DBDC-4729-B77F-C63148BA0EBA}"
EndProject
Project("{2150E333-8FDC-42A3-9474-1A3956D46DE8}") = "Both", "Both", "{86B956B2-49D5-468E-97C9-4AB7D4B00A62}"
EndProject
Project("{FAE04EC0-301F-11D3-BF4B-00C04F79EFBC}") = "Krypton Toolkit Items Installer", "Templates\VSIX\Items\Both\Krypton Toolkit Items Installer\Krypton Toolkit Items Installer.csproj", "{7FE6A816-EC93-4808-93BE-E4896C6D1DBD}"
EndProject
Global
	GlobalSection(SolutionConfigurationPlatforms) = preSolution
		Debug|Any CPU = Debug|Any CPU
		Release|Any CPU = Release|Any CPU
	EndGlobalSection
	GlobalSection(ProjectConfigurationPlatforms) = postSolution
		{1D0A0A23-591C-42B2-8228-30A2E7AE9EE3}.Debug|Any CPU.ActiveCfg = Debug|Any CPU
		{1D0A0A23-591C-42B2-8228-30A2E7AE9EE3}.Debug|Any CPU.Build.0 = Debug|Any CPU
		{1D0A0A23-591C-42B2-8228-30A2E7AE9EE3}.Release|Any CPU.ActiveCfg = Release|Any CPU
		{1D0A0A23-591C-42B2-8228-30A2E7AE9EE3}.Release|Any CPU.Build.0 = Release|Any CPU
		{0B458269-DE92-458F-9E0C-BA8477AA794A}.Debug|Any CPU.ActiveCfg = Debug|Any CPU
		{0B458269-DE92-458F-9E0C-BA8477AA794A}.Debug|Any CPU.Build.0 = Debug|Any CPU
		{0B458269-DE92-458F-9E0C-BA8477AA794A}.Release|Any CPU.ActiveCfg = Release|Any CPU
		{0B458269-DE92-458F-9E0C-BA8477AA794A}.Release|Any CPU.Build.0 = Release|Any CPU
		{E9F3A4A2-6D21-404D-A6D5-385CF4D9D372}.Debug|Any CPU.ActiveCfg = Debug|Any CPU
		{E9F3A4A2-6D21-404D-A6D5-385CF4D9D372}.Debug|Any CPU.Build.0 = Debug|Any CPU
		{E9F3A4A2-6D21-404D-A6D5-385CF4D9D372}.Release|Any CPU.ActiveCfg = Release|Any CPU
		{E9F3A4A2-6D21-404D-A6D5-385CF4D9D372}.Release|Any CPU.Build.0 = Release|Any CPU
		{32FC8B4F-F6B6-4DD4-8635-BCA845630CEE}.Debug|Any CPU.ActiveCfg = Debug|Any CPU
		{32FC8B4F-F6B6-4DD4-8635-BCA845630CEE}.Debug|Any CPU.Build.0 = Debug|Any CPU
		{32FC8B4F-F6B6-4DD4-8635-BCA845630CEE}.Release|Any CPU.ActiveCfg = Release|Any CPU
		{32FC8B4F-F6B6-4DD4-8635-BCA845630CEE}.Release|Any CPU.Build.0 = Release|Any CPU
		{A26D4484-84BD-4471-A918-0C904B28AD52}.Debug|Any CPU.ActiveCfg = Debug|Any CPU
		{A26D4484-84BD-4471-A918-0C904B28AD52}.Debug|Any CPU.Build.0 = Debug|Any CPU
		{A26D4484-84BD-4471-A918-0C904B28AD52}.Release|Any CPU.ActiveCfg = Release|Any CPU
		{A26D4484-84BD-4471-A918-0C904B28AD52}.Release|Any CPU.Build.0 = Release|Any CPU
		{E2A50ACF-6079-4C6E-B98E-427FFCC95DC8}.Debug|Any CPU.ActiveCfg = Debug|Any CPU
		{E2A50ACF-6079-4C6E-B98E-427FFCC95DC8}.Debug|Any CPU.Build.0 = Debug|Any CPU
		{E2A50ACF-6079-4C6E-B98E-427FFCC95DC8}.Release|Any CPU.ActiveCfg = Release|Any CPU
		{E2A50ACF-6079-4C6E-B98E-427FFCC95DC8}.Release|Any CPU.Build.0 = Release|Any CPU
		{0EE4318F-A1C2-4A82-9195-6A0FE3142F8C}.Debug|Any CPU.ActiveCfg = Debug|Any CPU
		{0EE4318F-A1C2-4A82-9195-6A0FE3142F8C}.Debug|Any CPU.Build.0 = Debug|Any CPU
		{0EE4318F-A1C2-4A82-9195-6A0FE3142F8C}.Release|Any CPU.ActiveCfg = Release|Any CPU
		{0EE4318F-A1C2-4A82-9195-6A0FE3142F8C}.Release|Any CPU.Build.0 = Release|Any CPU
		{59136F5D-5BB7-4132-8033-7F5E7F2EC87C}.Debug|Any CPU.ActiveCfg = Debug|Any CPU
		{59136F5D-5BB7-4132-8033-7F5E7F2EC87C}.Debug|Any CPU.Build.0 = Debug|Any CPU
		{59136F5D-5BB7-4132-8033-7F5E7F2EC87C}.Release|Any CPU.ActiveCfg = Release|Any CPU
		{59136F5D-5BB7-4132-8033-7F5E7F2EC87C}.Release|Any CPU.Build.0 = Release|Any CPU
		{5B10E18D-DDF2-4E9E-B1D6-922C9711378B}.Debug|Any CPU.ActiveCfg = Debug|Any CPU
		{5B10E18D-DDF2-4E9E-B1D6-922C9711378B}.Debug|Any CPU.Build.0 = Debug|Any CPU
		{5B10E18D-DDF2-4E9E-B1D6-922C9711378B}.Release|Any CPU.ActiveCfg = Release|Any CPU
		{5B10E18D-DDF2-4E9E-B1D6-922C9711378B}.Release|Any CPU.Build.0 = Release|Any CPU
		{D731C810-DBDC-4729-B77F-C63148BA0EBA}.Debug|Any CPU.ActiveCfg = Debug|Any CPU
		{D731C810-DBDC-4729-B77F-C63148BA0EBA}.Debug|Any CPU.Build.0 = Debug|Any CPU
		{D731C810-DBDC-4729-B77F-C63148BA0EBA}.Release|Any CPU.ActiveCfg = Release|Any CPU
		{D731C810-DBDC-4729-B77F-C63148BA0EBA}.Release|Any CPU.Build.0 = Release|Any CPU
		{7FE6A816-EC93-4808-93BE-E4896C6D1DBD}.Debug|Any CPU.ActiveCfg = Debug|Any CPU
		{7FE6A816-EC93-4808-93BE-E4896C6D1DBD}.Debug|Any CPU.Build.0 = Debug|Any CPU
		{7FE6A816-EC93-4808-93BE-E4896C6D1DBD}.Release|Any CPU.ActiveCfg = Release|Any CPU
		{7FE6A816-EC93-4808-93BE-E4896C6D1DBD}.Release|Any CPU.Build.0 = Release|Any CPU
	EndGlobalSection
	GlobalSection(SolutionProperties) = preSolution
		HideSolutionNode = FALSE
	EndGlobalSection
	GlobalSection(NestedProjects) = preSolution
		{1D0A0A23-591C-42B2-8228-30A2E7AE9EE3} = {DF971095-106C-4933-B3E6-A314231DAB14}
		{FB926C15-019A-4E1E-A06C-D95FBA292BD0} = {491139E2-0E9C-42F1-8851-D4D2C7146EA2}
		{4292C47A-E6C6-4006-919D-9084C04BB0EF} = {FB926C15-019A-4E1E-A06C-D95FBA292BD0}
		{0B458269-DE92-458F-9E0C-BA8477AA794A} = {4292C47A-E6C6-4006-919D-9084C04BB0EF}
		{E9F3A4A2-6D21-404D-A6D5-385CF4D9D372} = {4292C47A-E6C6-4006-919D-9084C04BB0EF}
		{32FC8B4F-F6B6-4DD4-8635-BCA845630CEE} = {4292C47A-E6C6-4006-919D-9084C04BB0EF}
		{909018F6-6E1E-4131-A45E-1D4E6AB99455} = {FB926C15-019A-4E1E-A06C-D95FBA292BD0}
		{A26D4484-84BD-4471-A918-0C904B28AD52} = {909018F6-6E1E-4131-A45E-1D4E6AB99455}
		{E2A50ACF-6079-4C6E-B98E-427FFCC95DC8} = {909018F6-6E1E-4131-A45E-1D4E6AB99455}
		{0EE4318F-A1C2-4A82-9195-6A0FE3142F8C} = {909018F6-6E1E-4131-A45E-1D4E6AB99455}
		{F61A3611-F6BA-4D22-8062-BA4F2BBD5DA7} = {491139E2-0E9C-42F1-8851-D4D2C7146EA2}
		{10C1FD11-8DD6-46CC-9A11-2D1485E9EECB} = {F61A3611-F6BA-4D22-8062-BA4F2BBD5DA7}
		{CF6EA37C-52F8-4E2E-BE05-601A17394701} = {F61A3611-F6BA-4D22-8062-BA4F2BBD5DA7}
		{9E94BC4A-3ABA-45D1-B24A-243EE16D5734} = {F61A3611-F6BA-4D22-8062-BA4F2BBD5DA7}
		{AE8ADD01-A700-46B9-900F-BB69860312C3} = {9E94BC4A-3ABA-45D1-B24A-243EE16D5734}
		{5738B083-C040-466B-B590-F99D3A1F02DF} = {9E94BC4A-3ABA-45D1-B24A-243EE16D5734}
		{4BBADDB0-4FEE-4206-B5CF-071D6453651B} = {10C1FD11-8DD6-46CC-9A11-2D1485E9EECB}
		{78180F3A-15DA-4E57-B7CE-3FD94E8053EF} = {10C1FD11-8DD6-46CC-9A11-2D1485E9EECB}
		{0657A167-7070-45FD-A1F1-E5E46DA81747} = {10C1FD11-8DD6-46CC-9A11-2D1485E9EECB}
		{C84D7BB1-3F69-43E1-A015-63C45F91C6B7} = {CF6EA37C-52F8-4E2E-BE05-601A17394701}
		{4897C3AA-9836-4AD0-95E1-053C21C5D85C} = {CF6EA37C-52F8-4E2E-BE05-601A17394701}
		{59136F5D-5BB7-4132-8033-7F5E7F2EC87C} = {78180F3A-15DA-4E57-B7CE-3FD94E8053EF}
		{5B10E18D-DDF2-4E9E-B1D6-922C9711378B} = {0657A167-7070-45FD-A1F1-E5E46DA81747}
		{D731C810-DBDC-4729-B77F-C63148BA0EBA} = {4BBADDB0-4FEE-4206-B5CF-071D6453651B}
		{86B956B2-49D5-468E-97C9-4AB7D4B00A62} = {9E94BC4A-3ABA-45D1-B24A-243EE16D5734}
		{7FE6A816-EC93-4808-93BE-E4896C6D1DBD} = {86B956B2-49D5-468E-97C9-4AB7D4B00A62}
	EndGlobalSection
	GlobalSection(ExtensibilityGlobals) = postSolution
		SolutionGuid = {30580D1B-7EB2-4672-A7D0-F089D2275A78}
	EndGlobalSection
EndGlobal
